
Microsoft Visual Studio Solution File, Format Version 12.00
# Visual Studio 15
VisualStudioVersion = 15.0.28307.1300
MinimumVisualStudioVersion = 10.0.40219.1
Project("{FAE04EC0-301F-11D3-BF4B-00C04F79EFBC}") = "SeleniumWebDriver", "SeleniumWebDriver\SeleniumWebDriver.csproj", "{A484C8F0-0F8C-4AC2-8786-4545E38B4040}"
EndProject
Project("{FAE04EC0-301F-11D3-BF4B-00C04F79EFBC}") = "Tests", "Tests\Tests.csproj", "{53CB5837-B315-41AC-BFCC-FF10669E6AF1}"
EndProject
Project("{FAE04EC0-301F-11D3-BF4B-00C04F79EFBC}") = "PageObjects", "PageObjects\PageObjects.csproj", "{7E5FCCBD-D1B3-47E6-907D-788AA6F4F93D}"
EndProject
Global
	GlobalSection(SolutionConfigurationPlatforms) = preSolution
		Debug|Any CPU = Debug|Any CPU
		Release|Any CPU = Release|Any CPU
	EndGlobalSection
	GlobalSection(ProjectConfigurationPlatforms) = postSolution
		{A484C8F0-0F8C-4AC2-8786-4545E38B4040}.Debug|Any CPU.ActiveCfg = Debug|Any CPU
		{A484C8F0-0F8C-4AC2-8786-4545E38B4040}.Debug|Any CPU.Build.0 = Debug|Any CPU
		{A484C8F0-0F8C-4AC2-8786-4545E38B4040}.Release|Any CPU.ActiveCfg = Release|Any CPU
		{A484C8F0-0F8C-4AC2-8786-4545E38B4040}.Release|Any CPU.Build.0 = Release|Any CPU
		{53CB5837-B315-41AC-BFCC-FF10669E6AF1}.Debug|Any CPU.ActiveCfg = Debug|Any CPU
		{53CB5837-B315-41AC-BFCC-FF10669E6AF1}.Debug|Any CPU.Build.0 = Debug|Any CPU
		{53CB5837-B315-41AC-BFCC-FF10669E6AF1}.Release|Any CPU.ActiveCfg = Release|Any CPU
		{53CB5837-B315-41AC-BFCC-FF10669E6AF1}.Release|Any CPU.Build.0 = Release|Any CPU
		{7E5FCCBD-D1B3-47E6-907D-788AA6F4F93D}.Debug|Any CPU.ActiveCfg = Debug|Any CPU
		{7E5FCCBD-D1B3-47E6-907D-788AA6F4F93D}.Debug|Any CPU.Build.0 = Debug|Any CPU
		{7E5FCCBD-D1B3-47E6-907D-788AA6F4F93D}.Release|Any CPU.ActiveCfg = Release|Any CPU
		{7E5FCCBD-D1B3-47E6-907D-788AA6F4F93D}.Release|Any CPU.Build.0 = Release|Any CPU
	EndGlobalSection
	GlobalSection(SolutionProperties) = preSolution
		HideSolutionNode = FALSE
	EndGlobalSection
	GlobalSection(ExtensibilityGlobals) = postSolution
		SolutionGuid = {84BA4215-971E-41D4-BF23-A352EF3E94FB}
	EndGlobalSection
EndGlobal
